// !$*UTF8*$!
{
	archiveVersion = 1;
	classes = {
	};
	objectVersion = 56;
	objects = {

/* Begin PBXBuildFile section */
		5AC8A39529136F680014A2D1 /* AppDelegate.swift in Sources */ = {isa = PBXBuildFile; fileRef = 5AC8A39429136F680014A2D1 /* AppDelegate.swift */; };
		5AC8A39729136F680014A2D1 /* SceneDelegate.swift in Sources */ = {isa = PBXBuildFile; fileRef = 5AC8A39629136F680014A2D1 /* SceneDelegate.swift */; };
		5AC8A39C29136F680014A2D1 /* Main.storyboard in Resources */ = {isa = PBXBuildFile; fileRef = 5AC8A39A29136F680014A2D1 /* Main.storyboard */; };
		5AC8A39E29136F6A0014A2D1 /* Assets.xcassets in Resources */ = {isa = PBXBuildFile; fileRef = 5AC8A39D29136F6A0014A2D1 /* Assets.xcassets */; };
		5AC8A3A129136F6A0014A2D1 /* LaunchScreen.storyboard in Resources */ = {isa = PBXBuildFile; fileRef = 5AC8A39F29136F6A0014A2D1 /* LaunchScreen.storyboard */; };
		5AC8A3AC29136F6A0014A2D1 /* IOS_lab3Tests.swift in Sources */ = {isa = PBXBuildFile; fileRef = 5AC8A3AB29136F6A0014A2D1 /* IOS_lab3Tests.swift */; };
		5AC8A3B629136F6A0014A2D1 /* IOS_lab3UITests.swift in Sources */ = {isa = PBXBuildFile; fileRef = 5AC8A3B529136F6A0014A2D1 /* IOS_lab3UITests.swift */; };
		5AC8A3B829136F6A0014A2D1 /* IOS_lab3UITestsLaunchTests.swift in Sources */ = {isa = PBXBuildFile; fileRef = 5AC8A3B729136F6A0014A2D1 /* IOS_lab3UITestsLaunchTests.swift */; };
		5AC8A3C5291375780014A2D1 /* FavoritesList.swift in Sources */ = {isa = PBXBuildFile; fileRef = 5AC8A3C4291375780014A2D1 /* FavoritesList.swift */; };
		5AC8A3C9291376D90014A2D1 /* RootViewController.swift in Sources */ = {isa = PBXBuildFile; fileRef = 5AC8A3C8291376D90014A2D1 /* RootViewController.swift */; };
		5AC8A3CB2913782F0014A2D1 /* FontListViewController.swift in Sources */ = {isa = PBXBuildFile; fileRef = 5AC8A3CA2913782F0014A2D1 /* FontListViewController.swift */; };
		5AC8A3CF29137B9D0014A2D1 /* FontSizesViewController.swift in Sources */ = {isa = PBXBuildFile; fileRef = 5AC8A3CE29137B9D0014A2D1 /* FontSizesViewController.swift */; };
		5AC8A3D129137C150014A2D1 /* FontInfoViewController.swift in Sources */ = {isa = PBXBuildFile; fileRef = 5AC8A3D029137C150014A2D1 /* FontInfoViewController.swift */; };
/* End PBXBuildFile section */

/* Begin PBXContainerItemProxy section */
		5AC8A3A829136F6A0014A2D1 /* PBXContainerItemProxy */ = {
			isa = PBXContainerItemProxy;
			containerPortal = 5AC8A38929136F670014A2D1 /* Project object */;
			proxyType = 1;
			remoteGlobalIDString = 5AC8A39029136F670014A2D1;
			remoteInfo = IOS_lab3;
		};
		5AC8A3B229136F6A0014A2D1 /* PBXContainerItemProxy */ = {
			isa = PBXContainerItemProxy;
			containerPortal = 5AC8A38929136F670014A2D1 /* Project object */;
			proxyType = 1;
			remoteGlobalIDString = 5AC8A39029136F670014A2D1;
			remoteInfo = IOS_lab3;
		};
/* End PBXContainerItemProxy section */

/* Begin PBXFileReference section */
		5AC8A39129136F680014A2D1 /* IOS_lab3.app */ = {isa = PBXFileReference; explicitFileType = wrapper.application; includeInIndex = 0; path = IOS_lab3.app; sourceTree = BUILT_PRODUCTS_DIR; };
		5AC8A39429136F680014A2D1 /* AppDelegate.swift */ = {isa = PBXFileReference; lastKnownFileType = sourcecode.swift; path = AppDelegate.swift; sourceTree = "<group>"; };
		5AC8A39629136F680014A2D1 /* SceneDelegate.swift */ = {isa = PBXFileReference; lastKnownFileType = sourcecode.swift; path = SceneDelegate.swift; sourceTree = "<group>"; };
		5AC8A39B29136F680014A2D1 /* Base */ = {isa = PBXFileReference; lastKnownFileType = file.storyboard; name = Base; path = Base.lproj/Main.storyboard; sourceTree = "<group>"; };
		5AC8A39D29136F6A0014A2D1 /* Assets.xcassets */ = {isa = PBXFileReference; lastKnownFileType = folder.assetcatalog; path = Assets.xcassets; sourceTree = "<group>"; };
		5AC8A3A029136F6A0014A2D1 /* Base */ = {isa = PBXFileReference; lastKnownFileType = file.storyboard; name = Base; path = Base.lproj/LaunchScreen.storyboard; sourceTree = "<group>"; };
		5AC8A3A229136F6A0014A2D1 /* Info.plist */ = {isa = PBXFileReference; lastKnownFileType = text.plist.xml; path = Info.plist; sourceTree = "<group>"; };
		5AC8A3A729136F6A0014A2D1 /* IOS_lab3Tests.xctest */ = {isa = PBXFileReference; explicitFileType = wrapper.cfbundle; includeInIndex = 0; path = IOS_lab3Tests.xctest; sourceTree = BUILT_PRODUCTS_DIR; };
		5AC8A3AB29136F6A0014A2D1 /* IOS_lab3Tests.swift */ = {isa = PBXFileReference; lastKnownFileType = sourcecode.swift; path = IOS_lab3Tests.swift; sourceTree = "<group>"; };
		5AC8A3B129136F6A0014A2D1 /* IOS_lab3UITests.xctest */ = {isa = PBXFileReference; explicitFileType = wrapper.cfbundle; includeInIndex = 0; path = IOS_lab3UITests.xctest; sourceTree = BUILT_PRODUCTS_DIR; };
		5AC8A3B529136F6A0014A2D1 /* IOS_lab3UITests.swift */ = {isa = PBXFileReference; lastKnownFileType = sourcecode.swift; path = IOS_lab3UITests.swift; sourceTree = "<group>"; };
		5AC8A3B729136F6A0014A2D1 /* IOS_lab3UITestsLaunchTests.swift */ = {isa = PBXFileReference; lastKnownFileType = sourcecode.swift; path = IOS_lab3UITestsLaunchTests.swift; sourceTree = "<group>"; };
		5AC8A3C4291375780014A2D1 /* FavoritesList.swift */ = {isa = PBXFileReference; lastKnownFileType = sourcecode.swift; path = FavoritesList.swift; sourceTree = "<group>"; };
		5AC8A3C8291376D90014A2D1 /* RootViewController.swift */ = {isa = PBXFileReference; lastKnownFileType = sourcecode.swift; path = RootViewController.swift; sourceTree = "<group>"; };
		5AC8A3CA2913782F0014A2D1 /* FontListViewController.swift */ = {isa = PBXFileReference; lastKnownFileType = sourcecode.swift; path = FontListViewController.swift; sourceTree = "<group>"; };
		5AC8A3CE29137B9D0014A2D1 /* FontSizesViewController.swift */ = {isa = PBXFileReference; lastKnownFileType = sourcecode.swift; path = FontSizesViewController.swift; sourceTree = "<group>"; };
		5AC8A3D029137C150014A2D1 /* FontInfoViewController.swift */ = {isa = PBXFileReference; lastKnownFileType = sourcecode.swift; path = FontInfoViewController.swift; sourceTree = "<group>"; };
/* End PBXFileReference section */

/* Begin PBXFrameworksBuildPhase section */
		5AC8A38E29136F670014A2D1 /* Frameworks */ = {
			isa = PBXFrameworksBuildPhase;
			buildActionMask = 2147483647;
			files = (
			);
			runOnlyForDeploymentPostprocessing = 0;
		};
		5AC8A3A429136F6A0014A2D1 /* Frameworks */ = {
			isa = PBXFrameworksBuildPhase;
			buildActionMask = 2147483647;
			files = (
			);
			runOnlyForDeploymentPostprocessing = 0;
		};
		5AC8A3AE29136F6A0014A2D1 /* Frameworks */ = {
			isa = PBXFrameworksBuildPhase;
			buildActionMask = 2147483647;
			files = (
			);
			runOnlyForDeploymentPostprocessing = 0;
		};
/* End PBXFrameworksBuildPhase section */

/* Begin PBXGroup section */
		5AC8A38829136F670014A2D1 = {
			isa = PBXGroup;
			children = (
				5AC8A39329136F680014A2D1 /* IOS_lab3 */,
				5AC8A3AA29136F6A0014A2D1 /* IOS_lab3Tests */,
				5AC8A3B429136F6A0014A2D1 /* IOS_lab3UITests */,
				5AC8A39229136F680014A2D1 /* Products */,
			);
			sourceTree = "<group>";
		};
		5AC8A39229136F680014A2D1 /* Products */ = {
			isa = PBXGroup;
			children = (
				5AC8A39129136F680014A2D1 /* IOS_lab3.app */,
				5AC8A3A729136F6A0014A2D1 /* IOS_lab3Tests.xctest */,
				5AC8A3B129136F6A0014A2D1 /* IOS_lab3UITests.xctest */,
			);
			name = Products;
			sourceTree = "<group>";
		};
		5AC8A39329136F680014A2D1 /* IOS_lab3 */ = {
			isa = PBXGroup;
			children = (
				5AC8A3C4291375780014A2D1 /* FavoritesList.swift */,
				5AC8A3C8291376D90014A2D1 /* RootViewController.swift */,
				5AC8A39429136F680014A2D1 /* AppDelegate.swift */,
				5AC8A39629136F680014A2D1 /* SceneDelegate.swift */,
				5AC8A39A29136F680014A2D1 /* Main.storyboard */,
				5AC8A3CE29137B9D0014A2D1 /* FontSizesViewController.swift */,
				5AC8A3CA2913782F0014A2D1 /* FontListViewController.swift */,
				5AC8A3D029137C150014A2D1 /* FontInfoViewController.swift */,
				5AC8A39D29136F6A0014A2D1 /* Assets.xcassets */,
				5AC8A39F29136F6A0014A2D1 /* LaunchScreen.storyboard */,
				5AC8A3A229136F6A0014A2D1 /* Info.plist */,
			);
			path = IOS_lab3;
			sourceTree = "<group>";
		};
		5AC8A3AA29136F6A0014A2D1 /* IOS_lab3Tests */ = {
			isa = PBXGroup;
			children = (
				5AC8A3AB29136F6A0014A2D1 /* IOS_lab3Tests.swift */,
			);
			path = IOS_lab3Tests;
			sourceTree = "<group>";
		};
		5AC8A3B429136F6A0014A2D1 /* IOS_lab3UITests */ = {
			isa = PBXGroup;
			children = (
				5AC8A3B529136F6A0014A2D1 /* IOS_lab3UITests.swift */,
				5AC8A3B729136F6A0014A2D1 /* IOS_lab3UITestsLaunchTests.swift */,
			);
			path = IOS_lab3UITests;
			sourceTree = "<group>";
		};
/* End PBXGroup section */

/* Begin PBXNativeTarget section */
		5AC8A39029136F670014A2D1 /* IOS_lab3 */ = {
			isa = PBXNativeTarget;
			buildConfigurationList = 5AC8A3BB29136F6A0014A2D1 /* Build configuration list for PBXNativeTarget "IOS_lab3" */;
			buildPhases = (
				5AC8A38D29136F670014A2D1 /* Sources */,
				5AC8A38E29136F670014A2D1 /* Frameworks */,
				5AC8A38F29136F670014A2D1 /* Resources */,
			);
			buildRules = (
			);
			dependencies = (
			);
			name = IOS_lab3;
			productName = IOS_lab3;
			productReference = 5AC8A39129136F680014A2D1 /* IOS_lab3.app */;
			productType = "com.apple.product-type.application";
		};
		5AC8A3A629136F6A0014A2D1 /* IOS_lab3Tests */ = {
			isa = PBXNativeTarget;
			buildConfigurationList = 5AC8A3BE29136F6A0014A2D1 /* Build configuration list for PBXNativeTarget "IOS_lab3Tests" */;
			buildPhases = (
				5AC8A3A329136F6A0014A2D1 /* Sources */,
				5AC8A3A429136F6A0014A2D1 /* Frameworks */,
				5AC8A3A529136F6A0014A2D1 /* Resources */,
			);
			buildRules = (
			);
			dependencies = (
				5AC8A3A929136F6A0014A2D1 /* PBXTargetDependency */,
			);
			name = IOS_lab3Tests;
			productName = IOS_lab3Tests;
			productReference = 5AC8A3A729136F6A0014A2D1 /* IOS_lab3Tests.xctest */;
			productType = "com.apple.product-type.bundle.unit-test";
		};
		5AC8A3B029136F6A0014A2D1 /* IOS_lab3UITests */ = {
			isa = PBXNativeTarget;
			buildConfigurationList = 5AC8A3C129136F6A0014A2D1 /* Build configuration list for PBXNativeTarget "IOS_lab3UITests" */;
			buildPhases = (
				5AC8A3AD29136F6A0014A2D1 /* Sources */,
				5AC8A3AE29136F6A0014A2D1 /* Frameworks */,
				5AC8A3AF29136F6A0014A2D1 /* Resources */,
			);
			buildRules = (
			);
			dependencies = (
				5AC8A3B329136F6A0014A2D1 /* PBXTargetDependency */,
			);
			name = IOS_lab3UITests;
			productName = IOS_lab3UITests;
			productReference = 5AC8A3B129136F6A0014A2D1 /* IOS_lab3UITests.xctest */;
			productType = "com.apple.product-type.bundle.ui-testing";
		};
/* End PBXNativeTarget section */

/* Begin PBXProject section */
		5AC8A38929136F670014A2D1 /* Project object */ = {
			isa = PBXProject;
			attributes = {
				BuildIndependentTargetsInParallel = 1;
				LastSwiftUpdateCheck = 1400;
				LastUpgradeCheck = 1400;
				TargetAttributes = {
					5AC8A39029136F670014A2D1 = {
						CreatedOnToolsVersion = 14.0.1;
					};
					5AC8A3A629136F6A0014A2D1 = {
						CreatedOnToolsVersion = 14.0.1;
						TestTargetID = 5AC8A39029136F670014A2D1;
					};
					5AC8A3B029136F6A0014A2D1 = {
						CreatedOnToolsVersion = 14.0.1;
						TestTargetID = 5AC8A39029136F670014A2D1;
					};
				};
			};
			buildConfigurationList = 5AC8A38C29136F670014A2D1 /* Build configuration list for PBXProject "IOS_lab3" */;
			compatibilityVersion = "Xcode 14.0";
			developmentRegion = en;
			hasScannedForEncodings = 0;
			knownRegions = (
				en,
				Base,
			);
			mainGroup = 5AC8A38829136F670014A2D1;
			productRefGroup = 5AC8A39229136F680014A2D1 /* Products */;
			projectDirPath = "";
			projectRoot = "";
			targets = (
				5AC8A39029136F670014A2D1 /* IOS_lab3 */,
				5AC8A3A629136F6A0014A2D1 /* IOS_lab3Tests */,
				5AC8A3B029136F6A0014A2D1 /* IOS_lab3UITests */,
			);
		};
/* End PBXProject section */

/* Begin PBXResourcesBuildPhase section */
		5AC8A38F29136F670014A2D1 /* Resources */ = {
			isa = PBXResourcesBuildPhase;
			buildActionMask = 2147483647;
			files = (
				5AC8A3A129136F6A0014A2D1 /* LaunchScreen.storyboard in Resources */,
				5AC8A39E29136F6A0014A2D1 /* Assets.xcassets in Resources */,
				5AC8A39C29136F680014A2D1 /* Main.storyboard in Resources */,
			);
			runOnlyForDeploymentPostprocessing = 0;
		};
		5AC8A3A529136F6A0014A2D1 /* Resources */ = {
			isa = PBXResourcesBuildPhase;
			buildActionMask = 2147483647;
			files = (
			);
			runOnlyForDeploymentPostprocessing = 0;
		};
		5AC8A3AF29136F6A0014A2D1 /* Resources */ = {
			isa = PBXResourcesBuildPhase;
			buildActionMask = 2147483647;
			files = (
			);
			runOnlyForDeploymentPostprocessing = 0;
		};
/* End PBXResourcesBuildPhase section */

/* Begin PBXSourcesBuildPhase section */
		5AC8A38D29136F670014A2D1 /* Sources */ = {
			isa = PBXSourcesBuildPhase;
			buildActionMask = 2147483647;
			files = (
				5AC8A3C9291376D90014A2D1 /* RootViewController.swift in Sources */,
				5AC8A3C5291375780014A2D1 /* FavoritesList.swift in Sources */,
				5AC8A3CB2913782F0014A2D1 /* FontListViewController.swift in Sources */,
				5AC8A39529136F680014A2D1 /* AppDelegate.swift in Sources */,
				5AC8A3CF29137B9D0014A2D1 /* FontSizesViewController.swift in Sources */,
				5AC8A39729136F680014A2D1 /* SceneDelegate.swift in Sources */,
				5AC8A3D129137C150014A2D1 /* FontInfoViewController.swift in Sources */,
			);
			runOnlyForDeploymentPostprocessing = 0;
		};
		5AC8A3A329136F6A0014A2D1 /* Sources */ = {
			isa = PBXSourcesBuildPhase;
			buildActionMask = 2147483647;
			files = (
				5AC8A3AC29136F6A0014A2D1 /* IOS_lab3Tests.swift in Sources */,
			);
			runOnlyForDeploymentPostprocessing = 0;
		};
		5AC8A3AD29136F6A0014A2D1 /* Sources */ = {
			isa = PBXSourcesBuildPhase;
			buildActionMask = 2147483647;
			files = (
				5AC8A3B829136F6A0014A2D1 /* IOS_lab3UITestsLaunchTests.swift in Sources */,
				5AC8A3B629136F6A0014A2D1 /* IOS_lab3UITests.swift in Sources */,
			);
			runOnlyForDeploymentPostprocessing = 0;
		};
/* End PBXSourcesBuildPhase section */

/* Begin PBXTargetDependency section */
		5AC8A3A929136F6A0014A2D1 /* PBXTargetDependency */ = {
			isa = PBXTargetDependency;
			target = 5AC8A39029136F670014A2D1 /* IOS_lab3 */;
			targetProxy = 5AC8A3A829136F6A0014A2D1 /* PBXContainerItemProxy */;
		};
		5AC8A3B329136F6A0014A2D1 /* PBXTargetDependency */ = {
			isa = PBXTargetDependency;
			target = 5AC8A39029136F670014A2D1 /* IOS_lab3 */;
			targetProxy = 5AC8A3B229136F6A0014A2D1 /* PBXContainerItemProxy */;
		};
/* End PBXTargetDependency section */

/* Begin PBXVariantGroup section */
		5AC8A39A29136F680014A2D1 /* Main.storyboard */ = {
			isa = PBXVariantGroup;
			children = (
				5AC8A39B29136F680014A2D1 /* Base */,
			);
			name = Main.storyboard;
			sourceTree = "<group>";
		};
		5AC8A39F29136F6A0014A2D1 /* LaunchScreen.storyboard */ = {
			isa = PBXVariantGroup;
			children = (
				5AC8A3A029136F6A0014A2D1 /* Base */,
			);
			name = LaunchScreen.storyboard;
			sourceTree = "<group>";
		};
/* End PBXVariantGroup section */

/* Begin XCBuildConfiguration section */
		5AC8A3B929136F6A0014A2D1 /* Debug */ = {
			isa = XCBuildConfiguration;
			buildSettings = {
				ALWAYS_SEARCH_USER_PATHS = NO;
				CLANG_ANALYZER_NONNULL = YES;
				CLANG_ANALYZER_NUMBER_OBJECT_CONVERSION = YES_AGGRESSIVE;
				CLANG_CXX_LANGUAGE_STANDARD = "gnu++20";
				CLANG_ENABLE_MODULES = YES;
				CLANG_ENABLE_OBJC_ARC = YES;
				CLANG_ENABLE_OBJC_WEAK = YES;
				CLANG_WARN_BLOCK_CAPTURE_AUTORELEASING = YES;
				CLANG_WARN_BOOL_CONVERSION = YES;
				CLANG_WARN_COMMA = YES;
				CLANG_WARN_CONSTANT_CONVERSION = YES;
				CLANG_WARN_DEPRECATED_OBJC_IMPLEMENTATIONS = YES;
				CLANG_WARN_DIRECT_OBJC_ISA_USAGE = YES_ERROR;
				CLANG_WARN_DOCUMENTATION_COMMENTS = YES;
				CLANG_WARN_EMPTY_BODY = YES;
				CLANG_WARN_ENUM_CONVERSION = YES;
				CLANG_WARN_INFINITE_RECURSION = YES;
				CLANG_WARN_INT_CONVERSION = YES;
				CLANG_WARN_NON_LITERAL_NULL_CONVERSION = YES;
				CLANG_WARN_OBJC_IMPLICIT_RETAIN_SELF = YES;
				CLANG_WARN_OBJC_LITERAL_CONVERSION = YES;
				CLANG_WARN_OBJC_ROOT_CLASS = YES_ERROR;
				CLANG_WARN_QUOTED_INCLUDE_IN_FRAMEWORK_HEADER = YES;
				CLANG_WARN_RANGE_LOOP_ANALYSIS = YES;
				CLANG_WARN_STRICT_PROTOTYPES = YES;
				CLANG_WARN_SUSPICIOUS_MOVE = YES;
				CLANG_WARN_UNGUARDED_AVAILABILITY = YES_AGGRESSIVE;
				CLANG_WARN_UNREACHABLE_CODE = YES;
				CLANG_WARN__DUPLICATE_METHOD_MATCH = YES;
				COPY_PHASE_STRIP = NO;
				DEBUG_INFORMATION_FORMAT = dwarf;
				ENABLE_STRICT_OBJC_MSGSEND = YES;
				ENABLE_TESTABILITY = YES;
				GCC_C_LANGUAGE_STANDARD = gnu11;
				GCC_DYNAMIC_NO_PIC = NO;
				GCC_NO_COMMON_BLOCKS = YES;
				GCC_OPTIMIZATION_LEVEL = 0;
				GCC_PREPROCESSOR_DEFINITIONS = (
					"DEBUG=1",
					"$(inherited)",
				);
				GCC_WARN_64_TO_32_BIT_CONVERSION = YES;
				GCC_WARN_ABOUT_RETURN_TYPE = YES_ERROR;
				GCC_WARN_UNDECLARED_SELECTOR = YES;
				GCC_WARN_UNINITIALIZED_AUTOS = YES_AGGRESSIVE;
				GCC_WARN_UNUSED_FUNCTION = YES;
				GCC_WARN_UNUSED_VARIABLE = YES;
				IPHONEOS_DEPLOYMENT_TARGET = 16.0;
				MTL_ENABLE_DEBUG_INFO = INCLUDE_SOURCE;
				MTL_FAST_MATH = YES;
				ONLY_ACTIVE_ARCH = YES;
				SDKROOT = iphoneos;
				SWIFT_ACTIVE_COMPILATION_CONDITIONS = DEBUG;
				SWIFT_OPTIMIZATION_LEVEL = "-Onone";
			};
			name = Debug;
		};
		5AC8A3BA29136F6A0014A2D1 /* Release */ = {
			isa = XCBuildConfiguration;
			buildSettings = {
				ALWAYS_SEARCH_USER_PATHS = NO;
				CLANG_ANALYZER_NONNULL = YES;
				CLANG_ANALYZER_NUMBER_OBJECT_CONVERSION = YES_AGGRESSIVE;
				CLANG_CXX_LANGUAGE_STANDARD = "gnu++20";
				CLANG_ENABLE_MODULES = YES;
				CLANG_ENABLE_OBJC_ARC = YES;
				CLANG_ENABLE_OBJC_WEAK = YES;
				CLANG_WARN_BLOCK_CAPTURE_AUTORELEASING = YES;
				CLANG_WARN_BOOL_CONVERSION = YES;
				CLANG_WARN_COMMA = YES;
				CLANG_WARN_CONSTANT_CONVERSION = YES;
				CLANG_WARN_DEPRECATED_OBJC_IMPLEMENTATIONS = YES;
				CLANG_WARN_DIRECT_OBJC_ISA_USAGE = YES_ERROR;
				CLANG_WARN_DOCUMENTATION_COMMENTS = YES;
				CLANG_WARN_EMPTY_BODY = YES;
				CLANG_WARN_ENUM_CONVERSION = YES;
				CLANG_WARN_INFINITE_RECURSION = YES;
				CLANG_WARN_INT_CONVERSION = YES;
				CLANG_WARN_NON_LITERAL_NULL_CONVERSION = YES;
				CLANG_WARN_OBJC_IMPLICIT_RETAIN_SELF = YES;
				CLANG_WARN_OBJC_LITERAL_CONVERSION = YES;
				CLANG_WARN_OBJC_ROOT_CLASS = YES_ERROR;
				CLANG_WARN_QUOTED_INCLUDE_IN_FRAMEWORK_HEADER = YES;
				CLANG_WARN_RANGE_LOOP_ANALYSIS = YES;
				CLANG_WARN_STRICT_PROTOTYPES = YES;
				CLANG_WARN_SUSPICIOUS_MOVE = YES;
				CLANG_WARN_UNGUARDED_AVAILABILITY = YES_AGGRESSIVE;
				CLANG_WARN_UNREACHABLE_CODE = YES;
				CLANG_WARN__DUPLICATE_METHOD_MATCH = YES;
				COPY_PHASE_STRIP = NO;
				DEBUG_INFORMATION_FORMAT = "dwarf-with-dsym";
				ENABLE_NS_ASSERTIONS = NO;
				ENABLE_STRICT_OBJC_MSGSEND = YES;
				GCC_C_LANGUAGE_STANDARD = gnu11;
				GCC_NO_COMMON_BLOCKS = YES;
				GCC_WARN_64_TO_32_BIT_CONVERSION = YES;
				GCC_WARN_ABOUT_RETURN_TYPE = YES_ERROR;
				GCC_WARN_UNDECLARED_SELECTOR = YES;
				GCC_WARN_UNINITIALIZED_AUTOS = YES_AGGRESSIVE;
				GCC_WARN_UNUSED_FUNCTION = YES;
				GCC_WARN_UNUSED_VARIABLE = YES;
				IPHONEOS_DEPLOYMENT_TARGET = 16.0;
				MTL_ENABLE_DEBUG_INFO = NO;
				MTL_FAST_MATH = YES;
				SDKROOT = iphoneos;
				SWIFT_COMPILATION_MODE = wholemodule;
				SWIFT_OPTIMIZATION_LEVEL = "-O";
				VALIDATE_PRODUCT = YES;
			};
			name = Release;
		};
		5AC8A3BC29136F6A0014A2D1 /* Debug */ = {
			isa = XCBuildConfiguration;
			buildSettings = {
				ASSETCATALOG_COMPILER_APPICON_NAME = AppIcon;
				ASSETCATALOG_COMPILER_GLOBAL_ACCENT_COLOR_NAME = AccentColor;
				CODE_SIGN_STYLE = Automatic;
				CURRENT_PROJECT_VERSION = 1;
				GENERATE_INFOPLIST_FILE = YES;
				INFOPLIST_FILE = IOS_lab3/Info.plist;
				INFOPLIST_KEY_UIApplicationSupportsIndirectInputEvents = YES;
				INFOPLIST_KEY_UILaunchStoryboardName = LaunchScreen;
				INFOPLIST_KEY_UIMainStoryboardFile = Main;
				INFOPLIST_KEY_UISupportedInterfaceOrientations_iPad = "UIInterfaceOrientationPortrait UIInterfaceOrientationPortraitUpsideDown UIInterfaceOrientationLandscapeLeft UIInterfaceOrientationLandscapeRight";
				INFOPLIST_KEY_UISupportedInterfaceOrientations_iPhone = "UIInterfaceOrientationPortrait UIInterfaceOrientationLandscapeLeft UIInterfaceOrientationLandscapeRight";
				LD_RUNPATH_SEARCH_PATHS = (
					"$(inherited)",
					"@executable_path/Frameworks",
				);
				MARKETING_VERSION = 1.0;
				PRODUCT_BUNDLE_IDENTIFIER = "centennialcollege.IOS-lab3";
				PRODUCT_NAME = "$(TARGET_NAME)";
				SWIFT_EMIT_LOC_STRINGS = YES;
				SWIFT_VERSION = 5.0;
				TARGETED_DEVICE_FAMILY = "1,2";
			};
			name = Debug;
		};
		5AC8A3BD29136F6A0014A2D1 /* Release */ = {
			isa = XCBuildConfiguration;
			buildSettings = {
				ASSETCATALOG_COMPILER_APPICON_NAME = AppIcon;
				ASSETCATALOG_COMPILER_GLOBAL_ACCENT_COLOR_NAME = AccentColor;
				CODE_SIGN_STYLE = Automatic;
				CURRENT_PROJECT_VERSION = 1;
				GENERATE_INFOPLIST_FILE = YES;
				INFOPLIST_FILE = IOS_lab3/Info.plist;
				INFOPLIST_KEY_UIApplicationSupportsIndirectInputEvents = YES;
				INFOPLIST_KEY_UILaunchStoryboardName = LaunchScreen;
				INFOPLIST_KEY_UIMainStoryboardFile = Main;
				INFOPLIST_KEY_UISupportedInterfaceOrientations_iPad = "UIInterfaceOrientationPortrait UIInterfaceOrientationPortraitUpsideDown UIInterfaceOrientationLandscapeLeft UIInterfaceOrientationLandscapeRight";
				INFOPLIST_KEY_UISupportedInterfaceOrientations_iPhone = "UIInterfaceOrientationPortrait UIInterfaceOrientationLandscapeLeft UIInterfaceOrientationLandscapeRight";
				LD_RUNPATH_SEARCH_PATHS = (
					"$(inherited)",
					"@executable_path/Frameworks",
				);
				MARKETING_VERSION = 1.0;
				PRODUCT_BUNDLE_IDENTIFIER = "centennialcollege.IOS-lab3";
				PRODUCT_NAME = "$(TARGET_NAME)";
				SWIFT_EMIT_LOC_STRINGS = YES;
				SWIFT_VERSION = 5.0;
				TARGETED_DEVICE_FAMILY = "1,2";
			};
			name = Release;
		};
		5AC8A3BF29136F6A0014A2D1 /* Debug */ = {
			isa = XCBuildConfiguration;
			buildSettings = {
				ALWAYS_EMBED_SWIFT_STANDARD_LIBRARIES = YES;
				BUNDLE_LOADER = "$(TEST_HOST)";
				CODE_SIGN_STYLE = Automatic;
				CURRENT_PROJECT_VERSION = 1;
				GENERATE_INFOPLIST_FILE = YES;
				IPHONEOS_DEPLOYMENT_TARGET = 16.0;
				MARKETING_VERSION = 1.0;
				PRODUCT_BUNDLE_IDENTIFIER = "centennialcollege.IOS-lab3Tests";
				PRODUCT_NAME = "$(TARGET_NAME)";
				SWIFT_EMIT_LOC_STRINGS = NO;
				SWIFT_VERSION = 5.0;
				TARGETED_DEVICE_FAMILY = "1,2";
				TEST_HOST = "$(BUILT_PRODUCTS_DIR)/IOS_lab3.app/$(BUNDLE_EXECUTABLE_FOLDER_PATH)/IOS_lab3";
			};
			name = Debug;
		};
		5AC8A3C029136F6A0014A2D1 /* Release */ = {
			isa = XCBuildConfiguration;
			buildSettings = {
				ALWAYS_EMBED_SWIFT_STANDARD_LIBRARIES = YES;
				BUNDLE_LOADER = "$(TEST_HOST)";
				CODE_SIGN_STYLE = Automatic;
				CURRENT_PROJECT_VERSION = 1;
				GENERATE_INFOPLIST_FILE = YES;
				IPHONEOS_DEPLOYMENT_TARGET = 16.0;
				MARKETING_VERSION = 1.0;
				PRODUCT_BUNDLE_IDENTIFIER = "centennialcollege.IOS-lab3Tests";
				PRODUCT_NAME = "$(TARGET_NAME)";
				SWIFT_EMIT_LOC_STRINGS = NO;
				SWIFT_VERSION = 5.0;
				TARGETED_DEVICE_FAMILY = "1,2";
				TEST_HOST = "$(BUILT_PRODUCTS_DIR)/IOS_lab3.app/$(BUNDLE_EXECUTABLE_FOLDER_PATH)/IOS_lab3";
			};
			name = Release;
		};
		5AC8A3C229136F6A0014A2D1 /* Debug */ = {
			isa = XCBuildConfiguration;
			buildSettings = {
				ALWAYS_EMBED_SWIFT_STANDARD_LIBRARIES = YES;
				CODE_SIGN_STYLE = Automatic;
				CURRENT_PROJECT_VERSION = 1;
				GENERATE_INFOPLIST_FILE = YES;
				MARKETING_VERSION = 1.0;
				PRODUCT_BUNDLE_IDENTIFIER = "centennialcollege.IOS-lab3UITests";
				PRODUCT_NAME = "$(TARGET_NAME)";
				SWIFT_EMIT_LOC_STRINGS = NO;
				SWIFT_VERSION = 5.0;
				TARGETED_DEVICE_FAMILY = "1,2";
				TEST_TARGET_NAME = IOS_lab3;
			};
			name = Debug;
		};
		5AC8A3C329136F6A0014A2D1 /* Release */ = {
			isa = XCBuildConfiguration;
			buildSettings = {
				ALWAYS_EMBED_SWIFT_STANDARD_LIBRARIES = YES;
				CODE_SIGN_STYLE = Automatic;
				CURRENT_PROJECT_VERSION = 1;
				GENERATE_INFOPLIST_FILE = YES;
				MARKETING_VERSION = 1.0;
				PRODUCT_BUNDLE_IDENTIFIER = "centennialcollege.IOS-lab3UITests";
				PRODUCT_NAME = "$(TARGET_NAME)";
				SWIFT_EMIT_LOC_STRINGS = NO;
				SWIFT_VERSION = 5.0;
				TARGETED_DEVICE_FAMILY = "1,2";
				TEST_TARGET_NAME = IOS_lab3;
			};
			name = Release;
		};
/* End XCBuildConfiguration section */

/* Begin XCConfigurationList section */
		5AC8A38C29136F670014A2D1 /* Build configuration list for PBXProject "IOS_lab3" */ = {
			isa = XCConfigurationList;
			buildConfigurations = (
				5AC8A3B929136F6A0014A2D1 /* Debug */,
				5AC8A3BA29136F6A0014A2D1 /* Release */,
			);
			defaultConfigurationIsVisible = 0;
			defaultConfigurationName = Release;
		};
		5AC8A3BB29136F6A0014A2D1 /* Build configuration list for PBXNativeTarget "IOS_lab3" */ = {
			isa = XCConfigurationList;
			buildConfigurations = (
				5AC8A3BC29136F6A0014A2D1 /* Debug */,
				5AC8A3BD29136F6A0014A2D1 /* Release */,
			);
			defaultConfigurationIsVisible = 0;
			defaultConfigurationName = Release;
		};
		5AC8A3BE29136F6A0014A2D1 /* Build configuration list for PBXNativeTarget "IOS_lab3Tests" */ = {
			isa = XCConfigurationList;
			buildConfigurations = (
				5AC8A3BF29136F6A0014A2D1 /* Debug */,
				5AC8A3C029136F6A0014A2D1 /* Release */,
			);
			defaultConfigurationIsVisible = 0;
			defaultConfigurationName = Release;
		};
		5AC8A3C129136F6A0014A2D1 /* Build configuration list for PBXNativeTarget "IOS_lab3UITests" */ = {
			isa = XCConfigurationList;
			buildConfigurations = (
				5AC8A3C229136F6A0014A2D1 /* Debug */,
				5AC8A3C329136F6A0014A2D1 /* Release */,
			);
			defaultConfigurationIsVisible = 0;
			defaultConfigurationName = Release;
		};
/* End XCConfigurationList section */
	};
	rootObject = 5AC8A38929136F670014A2D1 /* Project object */;
}
